
Microsoft Visual Studio Solution File, Format Version 12.00
# Visual Studio Version 16
VisualStudioVersion = 16.0.29519.181
MinimumVisualStudioVersion = 10.0.40219.1
Project("{2150E333-8FDC-42A3-9474-1A3956D46DE8}") = "Config", "Config", "{6BDAE5C1-D308-42EF-8B1C-60964D58A384}"
ProjectSection(SolutionItems) = preProject
	CodeAnalysis.ruleset = CodeAnalysis.ruleset
	global.json = global.json
	..\CHANGELOG.md = ..\CHANGELOG.md
	..\README.md = ..\README.md
	KeepGeneratedFiles.props = KeepGeneratedFiles.props
	SourceGenerator.props = SourceGenerator.props
EndProjectSection
EndProject
Project("{FAE04EC0-301F-11D3-BF4B-00C04F79EFBC}") = "Credfeto.Database.Source.Generation.Example", "Credfeto.Database.Source.Generation.Example\Credfeto.Database.Source.Generation.Example.csproj", "{68B8DA2B-676E-4EA3-B4C4-48167E4B1A64}"
EndProject
Project("{FAE04EC0-301F-11D3-BF4B-00C04F79EFBC}") = "Credfeto.Database.Source.Generation.Example.Tests.Integration", "Credfeto.Database.Source.Generation.Example.Tests.Integration\Credfeto.Database.Source.Generation.Example.Tests.Integration.csproj", "{671AAF68-E159-4069-B34B-1F21243035FD}"
EndProject
Project("{2150E333-8FDC-42A3-9474-1A3956D46DE8}") = "SQL", "SQL", "{968E2B5E-1F86-4ACB-B99B-85A98A6F92A0}"
EndProject
Project("{2150E333-8FDC-42A3-9474-1A3956D46DE8}") = "Postgresql", "Postgresql", "{C5CC06D1-8A65-48BC-8008-327F976C8021}"
	ProjectSection(SolutionItems) = preProject
		..\db\postgresql\pgsql.schema.sql = ..\db\postgresql\pgsql.schema.sql
	EndProjectSection
EndProject
Project("{FAE04EC0-301F-11D3-BF4B-00C04F79EFBC}") = "Credfeto.Database.Interfaces", "Credfeto.Database.Interfaces\Credfeto.Database.Interfaces.csproj", "{FB429B42-24ED-47EB-B653-B4593D4D28DB}"
EndProject
Project("{FAE04EC0-301F-11D3-BF4B-00C04F79EFBC}") = "Credfeto.Database.Source.Generation", "Credfeto.Database.Source.Generation\Credfeto.Database.Source.Generation.csproj", "{90E76111-3981-469F-B9BB-93D4D415F428}"
EndProject
Global
	GlobalSection(ProjectConfigurationPlatforms) = postSolution
		{68B8DA2B-676E-4EA3-B4C4-48167E4B1A64}.Debug|Any CPU.ActiveCfg = Debug|Any CPU
		{68B8DA2B-676E-4EA3-B4C4-48167E4B1A64}.Debug|Any CPU.Build.0 = Debug|Any CPU
		{68B8DA2B-676E-4EA3-B4C4-48167E4B1A64}.Release|Any CPU.ActiveCfg = Release|Any CPU
		{68B8DA2B-676E-4EA3-B4C4-48167E4B1A64}.Release|Any CPU.Build.0 = Release|Any CPU
		{671AAF68-E159-4069-B34B-1F21243035FD}.Debug|Any CPU.ActiveCfg = Debug|Any CPU
		{671AAF68-E159-4069-B34B-1F21243035FD}.Debug|Any CPU.Build.0 = Debug|Any CPU
		{671AAF68-E159-4069-B34B-1F21243035FD}.Release|Any CPU.ActiveCfg = Release|Any CPU
		{671AAF68-E159-4069-B34B-1F21243035FD}.Release|Any CPU.Build.0 = Release|Any CPU
		{FB429B42-24ED-47EB-B653-B4593D4D28DB}.Debug|Any CPU.ActiveCfg = Debug|Any CPU
		{FB429B42-24ED-47EB-B653-B4593D4D28DB}.Debug|Any CPU.Build.0 = Debug|Any CPU
		{FB429B42-24ED-47EB-B653-B4593D4D28DB}.Release|Any CPU.ActiveCfg = Release|Any CPU
		{FB429B42-24ED-47EB-B653-B4593D4D28DB}.Release|Any CPU.Build.0 = Release|Any CPU
		{90E76111-3981-469F-B9BB-93D4D415F428}.Debug|Any CPU.ActiveCfg = Debug|Any CPU
		{90E76111-3981-469F-B9BB-93D4D415F428}.Debug|Any CPU.Build.0 = Debug|Any CPU
		{90E76111-3981-469F-B9BB-93D4D415F428}.Release|Any CPU.ActiveCfg = Release|Any CPU
		{90E76111-3981-469F-B9BB-93D4D415F428}.Release|Any CPU.Build.0 = Release|Any CPU
	EndGlobalSection
	GlobalSection(SolutionConfigurationPlatforms) = preSolution
		Debug|Any CPU = Debug|Any CPU
		Release|Any CPU = Release|Any CPU
	EndGlobalSection
	GlobalSection(NestedProjects) = preSolution
		{C5CC06D1-8A65-48BC-8008-327F976C8021} = {968E2B5E-1F86-4ACB-B99B-85A98A6F92A0}
	EndGlobalSection
EndGlobal
