
Microsoft Visual Studio Solution File, Format Version 12.00
# Visual Studio Version 16
VisualStudioVersion = 16.0.29519.181
MinimumVisualStudioVersion = 10.0.40219.1
Project("{2150E333-8FDC-42A3-9474-1A3956D46DE8}") = "Config", "Config", "{6BDAE5C1-D308-42EF-8B1C-60964D58A384}"
ProjectSection(SolutionItems) = preProject
	CodeAnalysis.ruleset = CodeAnalysis.ruleset
	global.json = global.json
	..\CHANGELOG.md = ..\CHANGELOG.md
	..\README.md = ..\README.md
	KeepGeneratedFiles.props = KeepGeneratedFiles.props
	SourceGenerator.props = SourceGenerator.props
EndProjectSection
EndProject
Project("{FAE04EC0-301F-11D3-BF4B-00C04F79EFBC}") = "Credfeto.Database.Source.Generation.Example", "Credfeto.Database.Source.Generation.Example\Credfeto.Database.Source.Generation.Example.csproj", "{68B8DA2B-676E-4EA3-B4C4-48167E4B1A64}"
EndProject
Project("{FAE04EC0-301F-11D3-BF4B-00C04F79EFBC}") = "Credfeto.Database.Source.Generation.Example.Tests.Integration", "Credfeto.Database.Source.Generation.Example.Tests.Integration\Credfeto.Database.Source.Generation.Example.Tests.Integration.csproj", "{671AAF68-E159-4069-B34B-1F21243035FD}"
EndProject
Project("{2150E333-8FDC-42A3-9474-1A3956D46DE8}") = "SQL", "SQL", "{968E2B5E-1F86-4ACB-B99B-85A98A6F92A0}"
EndProject
Project("{2150E333-8FDC-42A3-9474-1A3956D46DE8}") = "Postgresql", "Postgresql", "{C5CC06D1-8A65-48BC-8008-327F976C8021}"
	ProjectSection(SolutionItems) = preProject
		..\db\postgresql\pgsql.schema.sql = ..\db\postgresql\pgsql.schema.sql
	EndProjectSection
EndProject
Project("{FAE04EC0-301F-11D3-BF4B-00C04F79EFBC}") = "Credfeto.Database.Interfaces", "Credfeto.Database.Interfaces\Credfeto.Database.Interfaces.csproj", "{FB429B42-24ED-47EB-B653-B4593D4D28DB}"
EndProject
Project("{FAE04EC0-301F-11D3-BF4B-00C04F79EFBC}") = "Credfeto.Database.Source.Generation", "Credfeto.Database.Source.Generation\Credfeto.Database.Source.Generation.csproj", "{90E76111-3981-469F-B9BB-93D4D415F428}"
EndProject
Project("{FAE04EC0-301F-11D3-BF4B-00C04F79EFBC}") = "Credfeto.Database", "Credfeto.Database\Credfeto.Database.csproj", "{15F6C0B1-9441-4BC5-B1F6-AAD14A3C3F98}"
EndProject
Project("{FAE04EC0-301F-11D3-BF4B-00C04F79EFBC}") = "Credfeto.Database.Pgsql", "Credfeto.Database.Pgsql\Credfeto.Database.Pgsql.csproj", "{FCDB7BDB-0B01-4D8A-9167-BCB0B3A5E148}"
EndProject
Project("{FAE04EC0-301F-11D3-BF4B-00C04F79EFBC}") = "Credfeto.Database.Pgsql.Tests", "Credfeto.Database.Pgsql.Tests\Credfeto.Database.Pgsql.Tests.csproj", "{A96CED07-7B69-4C40-B88C-63F1121E025C}"
EndProject
Project("{FAE04EC0-301F-11D3-BF4B-00C04F79EFBC}") = "Credfeto.Database.SqlServer", "Credfeto.Database.SqlServer\Credfeto.Database.SqlServer.csproj", "{10F754ED-21F7-4B46-B026-602BCF464475}"
EndProject
Project("{2150E333-8FDC-42A3-9474-1A3956D46DE8}") = "Providers", "Providers", "{89C9C662-8D36-4576-B349-64D8AF804448}"
EndProject
Project("{2150E333-8FDC-42A3-9474-1A3956D46DE8}") = "Generation", "Generation", "{B2A6E97E-74F4-4BB0-964B-E1F08387180C}"
EndProject
Project("{2150E333-8FDC-42A3-9474-1A3956D46DE8}") = "Infastructure", "Infastructure", "{BF392625-74B2-428F-8F82-205CCF214738}"
EndProject
Project("{FAE04EC0-301F-11D3-BF4B-00C04F79EFBC}") = "Credfeto.Database.SqlServer.Tests", "Credfeto.Database.SqlServer.Tests\Credfeto.Database.SqlServer.Tests.csproj", "{CE823AAB-FE0D-4A66-81DC-A943C96CA893}"
EndProject
Global
	GlobalSection(ProjectConfigurationPlatforms) = postSolution
		{68B8DA2B-676E-4EA3-B4C4-48167E4B1A64}.Debug|Any CPU.ActiveCfg = Debug|Any CPU
		{68B8DA2B-676E-4EA3-B4C4-48167E4B1A64}.Debug|Any CPU.Build.0 = Debug|Any CPU
		{68B8DA2B-676E-4EA3-B4C4-48167E4B1A64}.Release|Any CPU.ActiveCfg = Release|Any CPU
		{68B8DA2B-676E-4EA3-B4C4-48167E4B1A64}.Release|Any CPU.Build.0 = Release|Any CPU
		{671AAF68-E159-4069-B34B-1F21243035FD}.Debug|Any CPU.ActiveCfg = Debug|Any CPU
		{671AAF68-E159-4069-B34B-1F21243035FD}.Debug|Any CPU.Build.0 = Debug|Any CPU
		{671AAF68-E159-4069-B34B-1F21243035FD}.Release|Any CPU.ActiveCfg = Release|Any CPU
		{671AAF68-E159-4069-B34B-1F21243035FD}.Release|Any CPU.Build.0 = Release|Any CPU
		{FB429B42-24ED-47EB-B653-B4593D4D28DB}.Debug|Any CPU.ActiveCfg = Debug|Any CPU
		{FB429B42-24ED-47EB-B653-B4593D4D28DB}.Debug|Any CPU.Build.0 = Debug|Any CPU
		{FB429B42-24ED-47EB-B653-B4593D4D28DB}.Release|Any CPU.ActiveCfg = Release|Any CPU
		{FB429B42-24ED-47EB-B653-B4593D4D28DB}.Release|Any CPU.Build.0 = Release|Any CPU
		{90E76111-3981-469F-B9BB-93D4D415F428}.Debug|Any CPU.ActiveCfg = Debug|Any CPU
		{90E76111-3981-469F-B9BB-93D4D415F428}.Debug|Any CPU.Build.0 = Debug|Any CPU
		{90E76111-3981-469F-B9BB-93D4D415F428}.Release|Any CPU.ActiveCfg = Release|Any CPU
		{90E76111-3981-469F-B9BB-93D4D415F428}.Release|Any CPU.Build.0 = Release|Any CPU
		{15F6C0B1-9441-4BC5-B1F6-AAD14A3C3F98}.Debug|Any CPU.ActiveCfg = Debug|Any CPU
		{15F6C0B1-9441-4BC5-B1F6-AAD14A3C3F98}.Debug|Any CPU.Build.0 = Debug|Any CPU
		{15F6C0B1-9441-4BC5-B1F6-AAD14A3C3F98}.Release|Any CPU.ActiveCfg = Release|Any CPU
		{15F6C0B1-9441-4BC5-B1F6-AAD14A3C3F98}.Release|Any CPU.Build.0 = Release|Any CPU
		{FCDB7BDB-0B01-4D8A-9167-BCB0B3A5E148}.Debug|Any CPU.ActiveCfg = Debug|Any CPU
		{FCDB7BDB-0B01-4D8A-9167-BCB0B3A5E148}.Debug|Any CPU.Build.0 = Debug|Any CPU
		{FCDB7BDB-0B01-4D8A-9167-BCB0B3A5E148}.Release|Any CPU.ActiveCfg = Release|Any CPU
		{FCDB7BDB-0B01-4D8A-9167-BCB0B3A5E148}.Release|Any CPU.Build.0 = Release|Any CPU
		{A96CED07-7B69-4C40-B88C-63F1121E025C}.Debug|Any CPU.ActiveCfg = Debug|Any CPU
		{A96CED07-7B69-4C40-B88C-63F1121E025C}.Debug|Any CPU.Build.0 = Debug|Any CPU
		{A96CED07-7B69-4C40-B88C-63F1121E025C}.Release|Any CPU.ActiveCfg = Release|Any CPU
		{A96CED07-7B69-4C40-B88C-63F1121E025C}.Release|Any CPU.Build.0 = Release|Any CPU
		{10F754ED-21F7-4B46-B026-602BCF464475}.Debug|Any CPU.ActiveCfg = Debug|Any CPU
		{10F754ED-21F7-4B46-B026-602BCF464475}.Debug|Any CPU.Build.0 = Debug|Any CPU
		{10F754ED-21F7-4B46-B026-602BCF464475}.Release|Any CPU.ActiveCfg = Release|Any CPU
		{10F754ED-21F7-4B46-B026-602BCF464475}.Release|Any CPU.Build.0 = Release|Any CPU
		{CE823AAB-FE0D-4A66-81DC-A943C96CA893}.Debug|Any CPU.ActiveCfg = Debug|Any CPU
		{CE823AAB-FE0D-4A66-81DC-A943C96CA893}.Debug|Any CPU.Build.0 = Debug|Any CPU
		{CE823AAB-FE0D-4A66-81DC-A943C96CA893}.Release|Any CPU.ActiveCfg = Release|Any CPU
		{CE823AAB-FE0D-4A66-81DC-A943C96CA893}.Release|Any CPU.Build.0 = Release|Any CPU
	EndGlobalSection
	GlobalSection(SolutionConfigurationPlatforms) = preSolution
		Debug|Any CPU = Debug|Any CPU
		Release|Any CPU = Release|Any CPU
	EndGlobalSection
	GlobalSection(NestedProjects) = preSolution
		{C5CC06D1-8A65-48BC-8008-327F976C8021} = {968E2B5E-1F86-4ACB-B99B-85A98A6F92A0}
		{A96CED07-7B69-4C40-B88C-63F1121E025C} = {89C9C662-8D36-4576-B349-64D8AF804448}
		{FCDB7BDB-0B01-4D8A-9167-BCB0B3A5E148} = {89C9C662-8D36-4576-B349-64D8AF804448}
		{10F754ED-21F7-4B46-B026-602BCF464475} = {89C9C662-8D36-4576-B349-64D8AF804448}
		{90E76111-3981-469F-B9BB-93D4D415F428} = {B2A6E97E-74F4-4BB0-964B-E1F08387180C}
		{671AAF68-E159-4069-B34B-1F21243035FD} = {B2A6E97E-74F4-4BB0-964B-E1F08387180C}
		{68B8DA2B-676E-4EA3-B4C4-48167E4B1A64} = {B2A6E97E-74F4-4BB0-964B-E1F08387180C}
		{15F6C0B1-9441-4BC5-B1F6-AAD14A3C3F98} = {BF392625-74B2-428F-8F82-205CCF214738}
		{FB429B42-24ED-47EB-B653-B4593D4D28DB} = {BF392625-74B2-428F-8F82-205CCF214738}
		{CE823AAB-FE0D-4A66-81DC-A943C96CA893} = {89C9C662-8D36-4576-B349-64D8AF804448}
	EndGlobalSection
EndGlobal
